
Microsoft Visual Studio Solution File, Format Version 12.00
# Visual Studio Version 16
VisualStudioVersion = 16.0.30907.101
MinimumVisualStudioVersion = 10.0.40219.1
Project("{FAE04EC0-301F-11D3-BF4B-00C04F79EFBC}") = "Hackaton.Server", "Hackaton\Server\Hackaton.Server.csproj", "{666B92C0-974E-4282-9BED-4DC2E6E99268}"
EndProject
Project("{FAE04EC0-301F-11D3-BF4B-00C04F79EFBC}") = "Hackaton.Client", "Hackaton\Client\Hackaton.Client.csproj", "{05D6C3E3-AC3B-4D3D-9790-61177712D245}"
EndProject
Project("{FAE04EC0-301F-11D3-BF4B-00C04F79EFBC}") = "Hackaton.Shared", "Hackaton\Shared\Hackaton.Shared.csproj", "{A5532744-C8DB-4E37-A5C1-1CE5D906EC06}"
EndProject
Global
	GlobalSection(SolutionConfigurationPlatforms) = preSolution
		Debug|Any CPU = Debug|Any CPU
		Release|Any CPU = Release|Any CPU
	EndGlobalSection
	GlobalSection(ProjectConfigurationPlatforms) = postSolution
		{666B92C0-974E-4282-9BED-4DC2E6E99268}.Debug|Any CPU.ActiveCfg = Debug|Any CPU
		{666B92C0-974E-4282-9BED-4DC2E6E99268}.Debug|Any CPU.Build.0 = Debug|Any CPU
		{666B92C0-974E-4282-9BED-4DC2E6E99268}.Release|Any CPU.ActiveCfg = Release|Any CPU
		{666B92C0-974E-4282-9BED-4DC2E6E99268}.Release|Any CPU.Build.0 = Release|Any CPU
		{05D6C3E3-AC3B-4D3D-9790-61177712D245}.Debug|Any CPU.ActiveCfg = Debug|Any CPU
		{05D6C3E3-AC3B-4D3D-9790-61177712D245}.Debug|Any CPU.Build.0 = Debug|Any CPU
		{05D6C3E3-AC3B-4D3D-9790-61177712D245}.Release|Any CPU.ActiveCfg = Release|Any CPU
		{05D6C3E3-AC3B-4D3D-9790-61177712D245}.Release|Any CPU.Build.0 = Release|Any CPU
		{A5532744-C8DB-4E37-A5C1-1CE5D906EC06}.Debug|Any CPU.ActiveCfg = Debug|Any CPU
		{A5532744-C8DB-4E37-A5C1-1CE5D906EC06}.Debug|Any CPU.Build.0 = Debug|Any CPU
		{A5532744-C8DB-4E37-A5C1-1CE5D906EC06}.Release|Any CPU.ActiveCfg = Release|Any CPU
		{A5532744-C8DB-4E37-A5C1-1CE5D906EC06}.Release|Any CPU.Build.0 = Release|Any CPU
	EndGlobalSection
	GlobalSection(SolutionProperties) = preSolution
		HideSolutionNode = FALSE
	EndGlobalSection
	GlobalSection(ExtensibilityGlobals) = postSolution
		SolutionGuid = {681D4B43-4D5E-43BF-90C5-687896F5E54F}
	EndGlobalSection
EndGlobal
